Microsoft Visual Studio Solution File, Format Version 12.00
# Visual Studio 2012
Project("{FAE04EC0-301F-11D3-BF4B-00C04F79EFBC}") = "3DStudyProject", "3DStudyProject.csproj", "{D89376C7-1A73-4CEF-892E-F7A694A59A4F}"
EndProject
Global
	GlobalSection(SolutionConfigurationPlatforms) = preSolution
	Debug|Any CPU = Debug|Any CPU
	ExportDebug|Any CPU = ExportDebug|Any CPU
	ExportRelease|Any CPU = ExportRelease|Any CPU
	EndGlobalSection
	GlobalSection(ProjectConfigurationPlatforms) = postSolution
		{D89376C7-1A73-4CEF-892E-F7A694A59A4F}.Debug|Any CPU.ActiveCfg = Debug|Any CPU
		{D89376C7-1A73-4CEF-892E-F7A694A59A4F}.Debug|Any CPU.Build.0 = Debug|Any CPU
		{D89376C7-1A73-4CEF-892E-F7A694A59A4F}.ExportDebug|Any CPU.ActiveCfg = ExportDebug|Any CPU
		{D89376C7-1A73-4CEF-892E-F7A694A59A4F}.ExportDebug|Any CPU.Build.0 = ExportDebug|Any CPU
		{D89376C7-1A73-4CEF-892E-F7A694A59A4F}.ExportRelease|Any CPU.ActiveCfg = ExportRelease|Any CPU
		{D89376C7-1A73-4CEF-892E-F7A694A59A4F}.ExportRelease|Any CPU.Build.0 = ExportRelease|Any CPU
	EndGlobalSection
EndGlobal
